# @generated by Move, please check-in and do not edit manually.

[move]
version = 2
manifest_digest = "DBC8E8895E20AEB5A70392524A92A57E6351554E4AC85E50F9F420039B3DEC69"
deps_digest = "F8BBB0CCB2491CA29A3DF03D6F92277A4F3574266507ACD77214D37ECA3F3082"
dependencies = [
  { name = "Sui" },
]

[[move.package]]
name = "MoveStdlib"
source = { git = "https://github.com/MystenLabs/sui.git", rev = "framework/testnet", subdir = "crates/sui-framework/packages/move-stdlib" }

[[move.package]]
name = "Sui"
source = { git = "https://github.com/MystenLabs/sui.git", rev = "framework/testnet", subdir = "crates/sui-framework/packages/sui-framework" }

dependencies = [
  { name = "MoveStdlib" },
]

[move.toolchain-version]
compiler-version = "1.24.1"
edition = "2024.beta"
flavor = "sui"

[env]

[env.Testnet]
chain-id = "4c78adac"
original-published-id = "0xc302e728ad070c8afc0498a423ec160d0cb9a68cbd04454390375d7afc14adc4"
latest-published-id = "0xc302e728ad070c8afc0498a423ec160d0cb9a68cbd04454390375d7afc14adc4"
published-version = "1"
